
Microsoft Visual Studio Solution File, Format Version 12.00
# Visual Studio 15
VisualStudioVersion = 15.0.27130.2027
MinimumVisualStudioVersion = 10.0.40219.1
Project("{FAE04EC0-301F-11D3-BF4B-00C04F79EFBC}") = "Header_Footer.iOS", "Header_Footer.iOS\Header_Footer.iOS.csproj", "{291AD677-F265-4810-9B72-2513D4C7908D}"
EndProject
Project("{FAE04EC0-301F-11D3-BF4B-00C04F79EFBC}") = "Header_Footer.UWP", "Header_Footer.UWP\Header_Footer.UWP.csproj", "{A525FC7B-A93B-401C-9E0D-25BAD7EF3F8F}"
EndProject
Project("{9A19103F-16F7-4668-BE54-9A1E7A4F7556}") = "Header_Footer", "Header_Footer\Header_Footer.csproj", "{3E9A2248-6BFA-4EC8-9AA0-8860E5940054}"
EndProject
Project("{FAE04EC0-301F-11D3-BF4B-00C04F79EFBC}") = "Header_Footer.Android", "Header_Footer.Android\Header_Footer.Android.csproj", "{08712721-766C-4E7D-82C1-9CE99CF41E0F}"
EndProject
Global
	GlobalSection(SolutionConfigurationPlatforms) = preSolution
		Ad-Hoc|Any CPU = Ad-Hoc|Any CPU
		Ad-Hoc|ARM = Ad-Hoc|ARM
		Ad-Hoc|iPhone = Ad-Hoc|iPhone
		Ad-Hoc|iPhoneSimulator = Ad-Hoc|iPhoneSimulator
		Ad-Hoc|x64 = Ad-Hoc|x64
		Ad-Hoc|x86 = Ad-Hoc|x86
		AppStore|Any CPU = AppStore|Any CPU
		AppStore|ARM = AppStore|ARM
		AppStore|iPhone = AppStore|iPhone
		AppStore|iPhoneSimulator = AppStore|iPhoneSimulator
		AppStore|x64 = AppStore|x64
		AppStore|x86 = AppStore|x86
		Debug|Any CPU = Debug|Any CPU
		Debug|ARM = Debug|ARM
		Debug|iPhone = Debug|iPhone
		Debug|iPhoneSimulator = Debug|iPhoneSimulator
		Debug|x64 = Debug|x64
		Debug|x86 = Debug|x86
		Release|Any CPU = Release|Any CPU
		Release|ARM = Release|ARM
		Release|iPhone = Release|iPhone
		Release|iPhoneSimulator = Release|iPhoneSimulator
		Release|x64 = Release|x64
		Release|x86 = Release|x86
	EndGlobalSection
	GlobalSection(ProjectConfigurationPlatforms) = postSolution
		{291AD677-F265-4810-9B72-2513D4C7908D}.Ad-Hoc|Any CPU.ActiveCfg = Ad-Hoc|iPhone
		{291AD677-F265-4810-9B72-2513D4C7908D}.Ad-Hoc|ARM.ActiveCfg = Ad-Hoc|iPhone
		{291AD677-F265-4810-9B72-2513D4C7908D}.Ad-Hoc|iPhone.ActiveCfg = Ad-Hoc|iPhone
		{291AD677-F265-4810-9B72-2513D4C7908D}.Ad-Hoc|iPhone.Build.0 = Ad-Hoc|iPhone
		{291AD677-F265-4810-9B72-2513D4C7908D}.Ad-Hoc|iPhoneSimulator.ActiveCfg = Ad-Hoc|iPhoneSimulator
		{291AD677-F265-4810-9B72-2513D4C7908D}.Ad-Hoc|iPhoneSimulator.Build.0 = Ad-Hoc|iPhoneSimulator
		{291AD677-F265-4810-9B72-2513D4C7908D}.Ad-Hoc|x64.ActiveCfg = Ad-Hoc|iPhone
		{291AD677-F265-4810-9B72-2513D4C7908D}.Ad-Hoc|x86.ActiveCfg = Ad-Hoc|iPhone
		{291AD677-F265-4810-9B72-2513D4C7908D}.AppStore|Any CPU.ActiveCfg = AppStore|iPhone
		{291AD677-F265-4810-9B72-2513D4C7908D}.AppStore|ARM.ActiveCfg = AppStore|iPhone
		{291AD677-F265-4810-9B72-2513D4C7908D}.AppStore|iPhone.ActiveCfg = AppStore|iPhone
		{291AD677-F265-4810-9B72-2513D4C7908D}.AppStore|iPhone.Build.0 = AppStore|iPhone
		{291AD677-F265-4810-9B72-2513D4C7908D}.AppStore|iPhoneSimulator.ActiveCfg = AppStore|iPhoneSimulator
		{291AD677-F265-4810-9B72-2513D4C7908D}.AppStore|iPhoneSimulator.Build.0 = AppStore|iPhoneSimulator
		{291AD677-F265-4810-9B72-2513D4C7908D}.AppStore|x64.ActiveCfg = AppStore|iPhone
		{291AD677-F265-4810-9B72-2513D4C7908D}.AppStore|x86.ActiveCfg = AppStore|iPhone
		{291AD677-F265-4810-9B72-2513D4C7908D}.Debug|Any CPU.ActiveCfg = Debug|iPhone
		{291AD677-F265-4810-9B72-2513D4C7908D}.Debug|ARM.ActiveCfg = Debug|iPhone
		{291AD677-F265-4810-9B72-2513D4C7908D}.Debug|iPhone.ActiveCfg = Debug|iPhone
		{291AD677-F265-4810-9B72-2513D4C7908D}.Debug|iPhone.Build.0 = Debug|iPhone
		{291AD677-F265-4810-9B72-2513D4C7908D}.Debug|iPhoneSimulator.ActiveCfg = Debug|iPhoneSimulator
		{291AD677-F265-4810-9B72-2513D4C7908D}.Debug|iPhoneSimulator.Build.0 = Debug|iPhoneSimulator
		{291AD677-F265-4810-9B72-2513D4C7908D}.Debug|x64.ActiveCfg = Debug|iPhone
		{291AD677-F265-4810-9B72-2513D4C7908D}.Debug|x86.ActiveCfg = Debug|iPhone
		{291AD677-F265-4810-9B72-2513D4C7908D}.Release|Any CPU.ActiveCfg = Release|iPhone
		{291AD677-F265-4810-9B72-2513D4C7908D}.Release|ARM.ActiveCfg = Release|iPhone
		{291AD677-F265-4810-9B72-2513D4C7908D}.Release|iPhone.ActiveCfg = Release|iPhone
		{291AD677-F265-4810-9B72-2513D4C7908D}.Release|iPhone.Build.0 = Release|iPhone
		{291AD677-F265-4810-9B72-2513D4C7908D}.Release|iPhoneSimulator.ActiveCfg = Release|iPhoneSimulator
		{291AD677-F265-4810-9B72-2513D4C7908D}.Release|iPhoneSimulator.Build.0 = Release|iPhoneSimulator
		{291AD677-F265-4810-9B72-2513D4C7908D}.Release|x64.ActiveCfg = Release|iPhone
		{291AD677-F265-4810-9B72-2513D4C7908D}.Release|x86.ActiveCfg = Release|iPhone
		{A525FC7B-A93B-401C-9E0D-25BAD7EF3F8F}.Ad-Hoc|Any CPU.ActiveCfg = Release|x86
		{A525FC7B-A93B-401C-9E0D-25BAD7EF3F8F}.Ad-Hoc|Any CPU.Build.0 = Release|x86
		{A525FC7B-A93B-401C-9E0D-25BAD7EF3F8F}.Ad-Hoc|Any CPU.Deploy.0 = Release|x86
		{A525FC7B-A93B-401C-9E0D-25BAD7EF3F8F}.Ad-Hoc|ARM.ActiveCfg = Release|ARM
		{A525FC7B-A93B-401C-9E0D-25BAD7EF3F8F}.Ad-Hoc|ARM.Build.0 = Release|ARM
		{A525FC7B-A93B-401C-9E0D-25BAD7EF3F8F}.Ad-Hoc|ARM.Deploy.0 = Release|ARM
		{A525FC7B-A93B-401C-9E0D-25BAD7EF3F8F}.Ad-Hoc|iPhone.ActiveCfg = Release|x86
		{A525FC7B-A93B-401C-9E0D-25BAD7EF3F8F}.Ad-Hoc|iPhone.Build.0 = Release|x86
		{A525FC7B-A93B-401C-9E0D-25BAD7EF3F8F}.Ad-Hoc|iPhone.Deploy.0 = Release|x86
		{A525FC7B-A93B-401C-9E0D-25BAD7EF3F8F}.Ad-Hoc|iPhoneSimulator.ActiveCfg = Release|x86
		{A525FC7B-A93B-401C-9E0D-25BAD7EF3F8F}.Ad-Hoc|iPhoneSimulator.Build.0 = Release|x86
		{A525FC7B-A93B-401C-9E0D-25BAD7EF3F8F}.Ad-Hoc|iPhoneSimulator.Deploy.0 = Release|x86
		{A525FC7B-A93B-401C-9E0D-25BAD7EF3F8F}.Ad-Hoc|x64.ActiveCfg = Release|x64
		{A525FC7B-A93B-401C-9E0D-25BAD7EF3F8F}.Ad-Hoc|x64.Build.0 = Release|x64
		{A525FC7B-A93B-401C-9E0D-25BAD7EF3F8F}.Ad-Hoc|x64.Deploy.0 = Release|x64
		{A525FC7B-A93B-401C-9E0D-25BAD7EF3F8F}.Ad-Hoc|x86.ActiveCfg = Release|x86
		{A525FC7B-A93B-401C-9E0D-25BAD7EF3F8F}.Ad-Hoc|x86.Build.0 = Release|x86
		{A525FC7B-A93B-401C-9E0D-25BAD7EF3F8F}.Ad-Hoc|x86.Deploy.0 = Release|x86
		{A525FC7B-A93B-401C-9E0D-25BAD7EF3F8F}.AppStore|Any CPU.ActiveCfg = Release|x86
		{A525FC7B-A93B-401C-9E0D-25BAD7EF3F8F}.AppStore|Any CPU.Build.0 = Release|x86
		{A525FC7B-A93B-401C-9E0D-25BAD7EF3F8F}.AppStore|Any CPU.Deploy.0 = Release|x86
		{A525FC7B-A93B-401C-9E0D-25BAD7EF3F8F}.AppStore|ARM.ActiveCfg = Release|ARM
		{A525FC7B-A93B-401C-9E0D-25BAD7EF3F8F}.AppStore|ARM.Build.0 = Release|ARM
		{A525FC7B-A93B-401C-9E0D-25BAD7EF3F8F}.AppStore|ARM.Deploy.0 = Release|ARM
		{A525FC7B-A93B-401C-9E0D-25BAD7EF3F8F}.AppStore|iPhone.ActiveCfg = Release|x86
		{A525FC7B-A93B-401C-9E0D-25BAD7EF3F8F}.AppStore|iPhone.Build.0 = Release|x86
		{A525FC7B-A93B-401C-9E0D-25BAD7EF3F8F}.AppStore|iPhone.Deploy.0 = Release|x86
		{A525FC7B-A93B-401C-9E0D-25BAD7EF3F8F}.AppStore|iPhoneSimulator.ActiveCfg = Release|x86
		{A525FC7B-A93B-401C-9E0D-25BAD7EF3F8F}.AppStore|iPhoneSimulator.Build.0 = Release|x86
		{A525FC7B-A93B-401C-9E0D-25BAD7EF3F8F}.AppStore|iPhoneSimulator.Deploy.0 = Release|x86
		{A525FC7B-A93B-401C-9E0D-25BAD7EF3F8F}.AppStore|x64.ActiveCfg = Release|x64
		{A525FC7B-A93B-401C-9E0D-25BAD7EF3F8F}.AppStore|x64.Build.0 = Release|x64
		{A525FC7B-A93B-401C-9E0D-25BAD7EF3F8F}.AppStore|x64.Deploy.0 = Release|x64
		{A525FC7B-A93B-401C-9E0D-25BAD7EF3F8F}.AppStore|x86.ActiveCfg = Release|x86
		{A525FC7B-A93B-401C-9E0D-25BAD7EF3F8F}.AppStore|x86.Build.0 = Release|x86
		{A525FC7B-A93B-401C-9E0D-25BAD7EF3F8F}.AppStore|x86.Deploy.0 = Release|x86
		{A525FC7B-A93B-401C-9E0D-25BAD7EF3F8F}.Debug|Any CPU.ActiveCfg = Debug|x86
		{A525FC7B-A93B-401C-9E0D-25BAD7EF3F8F}.Debug|ARM.ActiveCfg = Debug|ARM
		{A525FC7B-A93B-401C-9E0D-25BAD7EF3F8F}.Debug|ARM.Build.0 = Debug|ARM
		{A525FC7B-A93B-401C-9E0D-25BAD7EF3F8F}.Debug|ARM.Deploy.0 = Debug|ARM
		{A525FC7B-A93B-401C-9E0D-25BAD7EF3F8F}.Debug|iPhone.ActiveCfg = Debug|x86
		{A525FC7B-A93B-401C-9E0D-25BAD7EF3F8F}.Debug|iPhone.Build.0 = Debug|x86
		{A525FC7B-A93B-401C-9E0D-25BAD7EF3F8F}.Debug|iPhone.Deploy.0 = Debug|x86
		{A525FC7B-A93B-401C-9E0D-25BAD7EF3F8F}.Debug|iPhoneSimulator.ActiveCfg = Debug|x86
		{A525FC7B-A93B-401C-9E0D-25BAD7EF3F8F}.Debug|x64.ActiveCfg = Debug|x64
		{A525FC7B-A93B-401C-9E0D-25BAD7EF3F8F}.Debug|x64.Build.0 = Debug|x64
		{A525FC7B-A93B-401C-9E0D-25BAD7EF3F8F}.Debug|x64.Deploy.0 = Debug|x64
		{A525FC7B-A93B-401C-9E0D-25BAD7EF3F8F}.Debug|x86.ActiveCfg = Debug|x86
		{A525FC7B-A93B-401C-9E0D-25BAD7EF3F8F}.Debug|x86.Build.0 = Debug|x86
		{A525FC7B-A93B-401C-9E0D-25BAD7EF3F8F}.Debug|x86.Deploy.0 = Debug|x86
		{A525FC7B-A93B-401C-9E0D-25BAD7EF3F8F}.Release|Any CPU.ActiveCfg = Release|x86
		{A525FC7B-A93B-401C-9E0D-25BAD7EF3F8F}.Release|ARM.ActiveCfg = Release|ARM
		{A525FC7B-A93B-401C-9E0D-25BAD7EF3F8F}.Release|ARM.Build.0 = Release|ARM
		{A525FC7B-A93B-401C-9E0D-25BAD7EF3F8F}.Release|ARM.Deploy.0 = Release|ARM
		{A525FC7B-A93B-401C-9E0D-25BAD7EF3F8F}.Release|iPhone.ActiveCfg = Release|x86
		{A525FC7B-A93B-401C-9E0D-25BAD7EF3F8F}.Release|iPhoneSimulator.ActiveCfg = Release|x86
		{A525FC7B-A93B-401C-9E0D-25BAD7EF3F8F}.Release|x64.ActiveCfg = Release|x64
		{A525FC7B-A93B-401C-9E0D-25BAD7EF3F8F}.Release|x64.Build.0 = Release|x64
		{A525FC7B-A93B-401C-9E0D-25BAD7EF3F8F}.Release|x64.Deploy.0 = Release|x64
		{A525FC7B-A93B-401C-9E0D-25BAD7EF3F8F}.Release|x86.ActiveCfg = Release|x86
		{A525FC7B-A93B-401C-9E0D-25BAD7EF3F8F}.Release|x86.Build.0 = Release|x86
		{A525FC7B-A93B-401C-9E0D-25BAD7EF3F8F}.Release|x86.Deploy.0 = Release|x86
		{3E9A2248-6BFA-4EC8-9AA0-8860E5940054}.Ad-Hoc|Any CPU.ActiveCfg = Debug|Any CPU
		{3E9A2248-6BFA-4EC8-9AA0-8860E5940054}.Ad-Hoc|Any CPU.Build.0 = Debug|Any CPU
		{3E9A2248-6BFA-4EC8-9AA0-8860E5940054}.Ad-Hoc|ARM.ActiveCfg = Debug|Any CPU
		{3E9A2248-6BFA-4EC8-9AA0-8860E5940054}.Ad-Hoc|ARM.Build.0 = Debug|Any CPU
		{3E9A2248-6BFA-4EC8-9AA0-8860E5940054}.Ad-Hoc|iPhone.ActiveCfg = Debug|Any CPU
		{3E9A2248-6BFA-4EC8-9AA0-8860E5940054}.Ad-Hoc|iPhone.Build.0 = Debug|Any CPU
		{3E9A2248-6BFA-4EC8-9AA0-8860E5940054}.Ad-Hoc|iPhoneSimulator.ActiveCfg = Debug|Any CPU
		{3E9A2248-6BFA-4EC8-9AA0-8860E5940054}.Ad-Hoc|iPhoneSimulator.Build.0 = Debug|Any CPU
		{3E9A2248-6BFA-4EC8-9AA0-8860E5940054}.Ad-Hoc|x64.ActiveCfg = Debug|Any CPU
		{3E9A2248-6BFA-4EC8-9AA0-8860E5940054}.Ad-Hoc|x64.Build.0 = Debug|Any CPU
		{3E9A2248-6BFA-4EC8-9AA0-8860E5940054}.Ad-Hoc|x86.ActiveCfg = Debug|Any CPU
		{3E9A2248-6BFA-4EC8-9AA0-8860E5940054}.Ad-Hoc|x86.Build.0 = Debug|Any CPU
		{3E9A2248-6BFA-4EC8-9AA0-8860E5940054}.AppStore|Any CPU.ActiveCfg = Debug|Any CPU
		{3E9A2248-6BFA-4EC8-9AA0-8860E5940054}.AppStore|Any CPU.Build.0 = Debug|Any CPU
		{3E9A2248-6BFA-4EC8-9AA0-8860E5940054}.AppStore|ARM.ActiveCfg = Debug|Any CPU
		{3E9A2248-6BFA-4EC8-9AA0-8860E5940054}.AppStore|ARM.Build.0 = Debug|Any CPU
		{3E9A2248-6BFA-4EC8-9AA0-8860E5940054}.AppStore|iPhone.ActiveCfg = Debug|Any CPU
		{3E9A2248-6BFA-4EC8-9AA0-8860E5940054}.AppStore|iPhone.Build.0 = Debug|Any CPU
		{3E9A2248-6BFA-4EC8-9AA0-8860E5940054}.AppStore|iPhoneSimulator.ActiveCfg = Debug|Any CPU
		{3E9A2248-6BFA-4EC8-9AA0-8860E5940054}.AppStore|iPhoneSimulator.Build.0 = Debug|Any CPU
		{3E9A2248-6BFA-4EC8-9AA0-8860E5940054}.AppStore|x64.ActiveCfg = Debug|Any CPU
		{3E9A2248-6BFA-4EC8-9AA0-8860E5940054}.AppStore|x64.Build.0 = Debug|Any CPU
		{3E9A2248-6BFA-4EC8-9AA0-8860E5940054}.AppStore|x86.ActiveCfg = Debug|Any CPU
		{3E9A2248-6BFA-4EC8-9AA0-8860E5940054}.AppStore|x86.Build.0 = Debug|Any CPU
		{3E9A2248-6BFA-4EC8-9AA0-8860E5940054}.Debug|Any CPU.ActiveCfg = Debug|Any CPU
		{3E9A2248-6BFA-4EC8-9AA0-8860E5940054}.Debug|Any CPU.Build.0 = Debug|Any CPU
		{3E9A2248-6BFA-4EC8-9AA0-8860E5940054}.Debug|ARM.ActiveCfg = Debug|Any CPU
		{3E9A2248-6BFA-4EC8-9AA0-8860E5940054}.Debug|ARM.Build.0 = Debug|Any CPU
		{3E9A2248-6BFA-4EC8-9AA0-8860E5940054}.Debug|iPhone.ActiveCfg = Debug|Any CPU
		{3E9A2248-6BFA-4EC8-9AA0-8860E5940054}.Debug|iPhone.Build.0 = Debug|Any CPU
		{3E9A2248-6BFA-4EC8-9AA0-8860E5940054}.Debug|iPhoneSimulator.ActiveCfg = Debug|Any CPU
		{3E9A2248-6BFA-4EC8-9AA0-8860E5940054}.Debug|iPhoneSimulator.Build.0 = Debug|Any CPU
		{3E9A2248-6BFA-4EC8-9AA0-8860E5940054}.Debug|x64.ActiveCfg = Debug|Any CPU
		{3E9A2248-6BFA-4EC8-9AA0-8860E5940054}.Debug|x64.Build.0 = Debug|Any CPU
		{3E9A2248-6BFA-4EC8-9AA0-8860E5940054}.Debug|x86.ActiveCfg = Debug|Any CPU
		{3E9A2248-6BFA-4EC8-9AA0-8860E5940054}.Debug|x86.Build.0 = Debug|Any CPU
		{3E9A2248-6BFA-4EC8-9AA0-8860E5940054}.Release|Any CPU.ActiveCfg = Release|Any CPU
		{3E9A2248-6BFA-4EC8-9AA0-8860E5940054}.Release|Any CPU.Build.0 = Release|Any CPU
		{3E9A2248-6BFA-4EC8-9AA0-8860E5940054}.Release|ARM.ActiveCfg = Release|Any CPU
		{3E9A2248-6BFA-4EC8-9AA0-8860E5940054}.Release|ARM.Build.0 = Release|Any CPU
		{3E9A2248-6BFA-4EC8-9AA0-8860E5940054}.Release|iPhone.ActiveCfg = Release|Any CPU
		{3E9A2248-6BFA-4EC8-9AA0-8860E5940054}.Release|iPhone.Build.0 = Release|Any CPU
		{3E9A2248-6BFA-4EC8-9AA0-8860E5940054}.Release|iPhoneSimulator.ActiveCfg = Release|Any CPU
		{3E9A2248-6BFA-4EC8-9AA0-8860E5940054}.Release|iPhoneSimulator.Build.0 = Release|Any CPU
		{3E9A2248-6BFA-4EC8-9AA0-8860E5940054}.Release|x64.ActiveCfg = Release|Any CPU
		{3E9A2248-6BFA-4EC8-9AA0-8860E5940054}.Release|x64.Build.0 = Release|Any CPU
		{3E9A2248-6BFA-4EC8-9AA0-8860E5940054}.Release|x86.ActiveCfg = Release|Any CPU
		{3E9A2248-6BFA-4EC8-9AA0-8860E5940054}.Release|x86.Build.0 = Release|Any CPU
		{08712721-766C-4E7D-82C1-9CE99CF41E0F}.Ad-Hoc|Any CPU.ActiveCfg = Debug|Any CPU
		{08712721-766C-4E7D-82C1-9CE99CF41E0F}.Ad-Hoc|Any CPU.Build.0 = Debug|Any CPU
		{08712721-766C-4E7D-82C1-9CE99CF41E0F}.Ad-Hoc|Any CPU.Deploy.0 = Debug|Any CPU
		{08712721-766C-4E7D-82C1-9CE99CF41E0F}.Ad-Hoc|ARM.ActiveCfg = Debug|Any CPU
		{08712721-766C-4E7D-82C1-9CE99CF41E0F}.Ad-Hoc|ARM.Build.0 = Debug|Any CPU
		{08712721-766C-4E7D-82C1-9CE99CF41E0F}.Ad-Hoc|ARM.Deploy.0 = Debug|Any CPU
		{08712721-766C-4E7D-82C1-9CE99CF41E0F}.Ad-Hoc|iPhone.ActiveCfg = Debug|Any CPU
		{08712721-766C-4E7D-82C1-9CE99CF41E0F}.Ad-Hoc|iPhone.Build.0 = Debug|Any CPU
		{08712721-766C-4E7D-82C1-9CE99CF41E0F}.Ad-Hoc|iPhone.Deploy.0 = Debug|Any CPU
		{08712721-766C-4E7D-82C1-9CE99CF41E0F}.Ad-Hoc|iPhoneSimulator.ActiveCfg = Debug|Any CPU
		{08712721-766C-4E7D-82C1-9CE99CF41E0F}.Ad-Hoc|iPhoneSimulator.Build.0 = Debug|Any CPU
		{08712721-766C-4E7D-82C1-9CE99CF41E0F}.Ad-Hoc|iPhoneSimulator.Deploy.0 = Debug|Any CPU
		{08712721-766C-4E7D-82C1-9CE99CF41E0F}.Ad-Hoc|x64.ActiveCfg = Debug|Any CPU
		{08712721-766C-4E7D-82C1-9CE99CF41E0F}.Ad-Hoc|x64.Build.0 = Debug|Any CPU
		{08712721-766C-4E7D-82C1-9CE99CF41E0F}.Ad-Hoc|x64.Deploy.0 = Debug|Any CPU
		{08712721-766C-4E7D-82C1-9CE99CF41E0F}.Ad-Hoc|x86.ActiveCfg = Debug|Any CPU
		{08712721-766C-4E7D-82C1-9CE99CF41E0F}.Ad-Hoc|x86.Build.0 = Debug|Any CPU
		{08712721-766C-4E7D-82C1-9CE99CF41E0F}.Ad-Hoc|x86.Deploy.0 = Debug|Any CPU
		{08712721-766C-4E7D-82C1-9CE99CF41E0F}.AppStore|Any CPU.ActiveCfg = Debug|Any CPU
		{08712721-766C-4E7D-82C1-9CE99CF41E0F}.AppStore|Any CPU.Build.0 = Debug|Any CPU
		{08712721-766C-4E7D-82C1-9CE99CF41E0F}.AppStore|Any CPU.Deploy.0 = Debug|Any CPU
		{08712721-766C-4E7D-82C1-9CE99CF41E0F}.AppStore|ARM.ActiveCfg = Debug|Any CPU
		{08712721-766C-4E7D-82C1-9CE99CF41E0F}.AppStore|ARM.Build.0 = Debug|Any CPU
		{08712721-766C-4E7D-82C1-9CE99CF41E0F}.AppStore|ARM.Deploy.0 = Debug|Any CPU
		{08712721-766C-4E7D-82C1-9CE99CF41E0F}.AppStore|iPhone.ActiveCfg = Debug|Any CPU
		{08712721-766C-4E7D-82C1-9CE99CF41E0F}.AppStore|iPhone.Build.0 = Debug|Any CPU
		{08712721-766C-4E7D-82C1-9CE99CF41E0F}.AppStore|iPhone.Deploy.0 = Debug|Any CPU
		{08712721-766C-4E7D-82C1-9CE99CF41E0F}.AppStore|iPhoneSimulator.ActiveCfg = Debug|Any CPU
		{08712721-766C-4E7D-82C1-9CE99CF41E0F}.AppStore|iPhoneSimulator.Build.0 = Debug|Any CPU
		{08712721-766C-4E7D-82C1-9CE99CF41E0F}.AppStore|iPhoneSimulator.Deploy.0 = Debug|Any CPU
		{08712721-766C-4E7D-82C1-9CE99CF41E0F}.AppStore|x64.ActiveCfg = Debug|Any CPU
		{08712721-766C-4E7D-82C1-9CE99CF41E0F}.AppStore|x64.Build.0 = Debug|Any CPU
		{08712721-766C-4E7D-82C1-9CE99CF41E0F}.AppStore|x64.Deploy.0 = Debug|Any CPU
		{08712721-766C-4E7D-82C1-9CE99CF41E0F}.AppStore|x86.ActiveCfg = Debug|Any CPU
		{08712721-766C-4E7D-82C1-9CE99CF41E0F}.AppStore|x86.Build.0 = Debug|Any CPU
		{08712721-766C-4E7D-82C1-9CE99CF41E0F}.AppStore|x86.Deploy.0 = Debug|Any CPU
		{08712721-766C-4E7D-82C1-9CE99CF41E0F}.Debug|Any CPU.ActiveCfg = Debug|Any CPU
		{08712721-766C-4E7D-82C1-9CE99CF41E0F}.Debug|Any CPU.Build.0 = Debug|Any CPU
		{08712721-766C-4E7D-82C1-9CE99CF41E0F}.Debug|Any CPU.Deploy.0 = Debug|Any CPU
		{08712721-766C-4E7D-82C1-9CE99CF41E0F}.Debug|ARM.ActiveCfg = Debug|Any CPU
		{08712721-766C-4E7D-82C1-9CE99CF41E0F}.Debug|ARM.Build.0 = Debug|Any CPU
		{08712721-766C-4E7D-82C1-9CE99CF41E0F}.Debug|ARM.Deploy.0 = Debug|Any CPU
		{08712721-766C-4E7D-82C1-9CE99CF41E0F}.Debug|iPhone.ActiveCfg = Debug|Any CPU
		{08712721-766C-4E7D-82C1-9CE99CF41E0F}.Debug|iPhone.Build.0 = Debug|Any CPU
		{08712721-766C-4E7D-82C1-9CE99CF41E0F}.Debug|iPhone.Deploy.0 = Debug|Any CPU
		{08712721-766C-4E7D-82C1-9CE99CF41E0F}.Debug|iPhoneSimulator.ActiveCfg = Debug|Any CPU
		{08712721-766C-4E7D-82C1-9CE99CF41E0F}.Debug|iPhoneSimulator.Build.0 = Debug|Any CPU
		{08712721-766C-4E7D-82C1-9CE99CF41E0F}.Debug|iPhoneSimulator.Deploy.0 = Debug|Any CPU
		{08712721-766C-4E7D-82C1-9CE99CF41E0F}.Debug|x64.ActiveCfg = Debug|Any CPU
		{08712721-766C-4E7D-82C1-9CE99CF41E0F}.Debug|x64.Build.0 = Debug|Any CPU
		{08712721-766C-4E7D-82C1-9CE99CF41E0F}.Debug|x64.Deploy.0 = Debug|Any CPU
		{08712721-766C-4E7D-82C1-9CE99CF41E0F}.Debug|x86.ActiveCfg = Debug|Any CPU
		{08712721-766C-4E7D-82C1-9CE99CF41E0F}.Debug|x86.Build.0 = Debug|Any CPU
		{08712721-766C-4E7D-82C1-9CE99CF41E0F}.Debug|x86.Deploy.0 = Debug|Any CPU
		{08712721-766C-4E7D-82C1-9CE99CF41E0F}.Release|Any CPU.ActiveCfg = Release|Any CPU
		{08712721-766C-4E7D-82C1-9CE99CF41E0F}.Release|Any CPU.Build.0 = Release|Any CPU
		{08712721-766C-4E7D-82C1-9CE99CF41E0F}.Release|Any CPU.Deploy.0 = Release|Any CPU
		{08712721-766C-4E7D-82C1-9CE99CF41E0F}.Release|ARM.ActiveCfg = Release|Any CPU
		{08712721-766C-4E7D-82C1-9CE99CF41E0F}.Release|ARM.Build.0 = Release|Any CPU
		{08712721-766C-4E7D-82C1-9CE99CF41E0F}.Release|ARM.Deploy.0 = Release|Any CPU
		{08712721-766C-4E7D-82C1-9CE99CF41E0F}.Release|iPhone.ActiveCfg = Release|Any CPU
		{08712721-766C-4E7D-82C1-9CE99CF41E0F}.Release|iPhone.Build.0 = Release|Any CPU
		{08712721-766C-4E7D-82C1-9CE99CF41E0F}.Release|iPhone.Deploy.0 = Release|Any CPU
		{08712721-766C-4E7D-82C1-9CE99CF41E0F}.Release|iPhoneSimulator.ActiveCfg = Release|Any CPU
		{08712721-766C-4E7D-82C1-9CE99CF41E0F}.Release|iPhoneSimulator.Build.0 = Release|Any CPU
		{08712721-766C-4E7D-82C1-9CE99CF41E0F}.Release|iPhoneSimulator.Deploy.0 = Release|Any CPU
		{08712721-766C-4E7D-82C1-9CE99CF41E0F}.Release|x64.ActiveCfg = Release|Any CPU
		{08712721-766C-4E7D-82C1-9CE99CF41E0F}.Release|x64.Build.0 = Release|Any CPU
		{08712721-766C-4E7D-82C1-9CE99CF41E0F}.Release|x64.Deploy.0 = Release|Any CPU
		{08712721-766C-4E7D-82C1-9CE99CF41E0F}.Release|x86.ActiveCfg = Release|Any CPU
		{08712721-766C-4E7D-82C1-9CE99CF41E0F}.Release|x86.Build.0 = Release|Any CPU
		{08712721-766C-4E7D-82C1-9CE99CF41E0F}.Release|x86.Deploy.0 = Release|Any CPU
	EndGlobalSection
	GlobalSection(SolutionProperties) = preSolution
		HideSolutionNode = FALSE
	EndGlobalSection
	GlobalSection(ExtensibilityGlobals) = postSolution
		SolutionGuid = {B2E45EDC-9A27-4628-A572-2B66005B3F72}
	EndGlobalSection
EndGlobal
